{
  "name": "starwars-searcher",
  "lockfileVersion": 2,
  "requires": true,
  "packages": {
    "": {
      "dependencies": {
        "zustand": "^3.5.7"
      }
    },
    "node_modules/zustand": {
      "version": "3.5.7",
      "resolved": "https://registry.npmjs.org/zustand/-/zustand-3.5.7.tgz",
      "integrity": "sha512-DlVFXJavIHyXTOGz6dB+8QHZsPyJcGJSEBtlp2Ivmd5SwtlCnhPo3L8LB6YRfAOJC2PbqzgoD8NMjk+y+vIF0g==",
      "peerDependencies": {
        "react": ">=16.8"
      },
      "peerDependenciesMeta": {
        "react": {
          "optional": true
        }
      }
    }
  },
  "dependencies": {
    "zustand": {
      "version": "3.5.7",
      "resolved": "https://registry.npmjs.org/zustand/-/zustand-3.5.7.tgz",
      "integrity": "sha512-DlVFXJavIHyXTOGz6dB+8QHZsPyJcGJSEBtlp2Ivmd5SwtlCnhPo3L8LB6YRfAOJC2PbqzgoD8NMjk+y+vIF0g==",
      "requires": {}
    }
  }
}
